
Microsoft Visual Studio Solution File, Format Version 12.00
# Visual Studio 15
VisualStudioVersion = 15.0.28010.2036
MinimumVisualStudioVersion = 10.0.40219.1
Project("{FAE04EC0-301F-11D3-BF4B-00C04F79EFBC}") = "ListaDeEstudiantes", "ListaDeEstudiantes\ListaDeEstudiantes.csproj", "{2B32DACB-3C93-4D62-8C7F-3A8F0372DE45}"
EndProject
Global
	GlobalSection(SolutionConfigurationPlatforms) = preSolution
		Debug|Any CPU = Debug|Any CPU
		Release|Any CPU = Release|Any CPU
	EndGlobalSection
	GlobalSection(ProjectConfigurationPlatforms) = postSolution
		{2B32DACB-3C93-4D62-8C7F-3A8F0372DE45}.Debug|Any CPU.ActiveCfg = Debug|Any CPU
		{2B32DACB-3C93-4D62-8C7F-3A8F0372DE45}.Debug|Any CPU.Build.0 = Debug|Any CPU
		{2B32DACB-3C93-4D62-8C7F-3A8F0372DE45}.Release|Any CPU.ActiveCfg = Release|Any CPU
		{2B32DACB-3C93-4D62-8C7F-3A8F0372DE45}.Release|Any CPU.Build.0 = Release|Any CPU
	EndGlobalSection
	GlobalSection(SolutionProperties) = preSolution
		HideSolutionNode = FALSE
	EndGlobalSection
	GlobalSection(ExtensibilityGlobals) = postSolution
		SolutionGuid = {39B32803-04F8-4C6A-9A57-9D52802C6B54}
	EndGlobalSection
EndGlobal
